
Microsoft Visual Studio Solution File, Format Version 12.00
# Visual Studio 15
VisualStudioVersion = 15.0.27130.2027
MinimumVisualStudioVersion = 10.0.40219.1
Project("{FAE04EC0-301F-11D3-BF4B-00C04F79EFBC}") = "P5-RTE-TOOL-GUI", "P5-RTE-TOOL-GUI\P5-RTE-TOOL-GUI.csproj", "{09391CFA-4092-447A-9736-F7C87A5F8AAE}"
EndProject
Global
	GlobalSection(SolutionConfigurationPlatforms) = preSolution
		Debug|Any CPU = Debug|Any CPU
		Release|Any CPU = Release|Any CPU
	EndGlobalSection
	GlobalSection(ProjectConfigurationPlatforms) = postSolution
		{09391CFA-4092-447A-9736-F7C87A5F8AAE}.Debug|Any CPU.ActiveCfg = Debug|Any CPU
		{09391CFA-4092-447A-9736-F7C87A5F8AAE}.Debug|Any CPU.Build.0 = Debug|Any CPU
		{09391CFA-4092-447A-9736-F7C87A5F8AAE}.Release|Any CPU.ActiveCfg = Release|Any CPU
		{09391CFA-4092-447A-9736-F7C87A5F8AAE}.Release|Any CPU.Build.0 = Release|Any CPU
	EndGlobalSection
	GlobalSection(SolutionProperties) = preSolution
		HideSolutionNode = FALSE
	EndGlobalSection
	GlobalSection(ExtensibilityGlobals) = postSolution
		SolutionGuid = {62D22A0C-4ED7-445A-A9C3-26FC3742E528}
	EndGlobalSection
EndGlobal
